
Microsoft Visual Studio Solution File, Format Version 12.00
# Visual Studio Version 16
VisualStudioVersion = 16.0.30011.22
MinimumVisualStudioVersion = 10.0.40219.1
Project("{8BC9CEB8-8B4A-11D0-8D11-00A0C91BC942}") = "Chap02App", "Chap02App\Chap02App.vcxproj", "{175CF71B-501A-4C62-B0C5-C5481DAD6784}"
EndProject
Project("{8BC9CEB8-8B4A-11D0-8D11-00A0C91BC942}") = "Chap03App", "Chap03App\Chap03App.vcxproj", "{3778A2AF-70A4-4468-8BED-15A59A5C46A7}"
EndProject
Project("{8BC9CEB8-8B4A-11D0-8D11-00A0C91BC942}") = "Chap04App", "Chap04App\Chap04App.vcxproj", "{5B18225D-326C-4D67-BF09-9A586761E780}"
EndProject
Project("{8BC9CEB8-8B4A-11D0-8D11-00A0C91BC942}") = "Chap07App", "Chap07App\Chap07App.vcxproj", "{59F3792F-5C95-45E8-AFE4-7D88560A3F46}"
EndProject
Project("{8BC9CEB8-8B4A-11D0-8D11-00A0C91BC942}") = "Chap07_again", "Chap07_again\Chap07_again.vcxproj", "{63F22B5F-A6FA-40E1-A5D6-72A178C7FAE9}"
EndProject
Project("{8BC9CEB8-8B4A-11D0-8D11-00A0C91BC942}") = "Chap08App", "Chap08App\Chap08App.vcxproj", "{737FB90E-1565-4CF3-AC92-5B089841D460}"
EndProject
Project("{8BC9CEB8-8B4A-11D0-8D11-00A0C91BC942}") = "Chap05App", "Chap05App\Chap05App.vcxproj", "{3AD14E5E-5AD0-4315-9EDF-57C4B9F80EF3}"
EndProject
Project("{8BC9CEB8-8B4A-11D0-8D11-00A0C91BC942}") = "Chap06App", "Chap06App\Chap06App.vcxproj", "{7DE3945A-6B82-4243-AAF7-4F1AB614BAD0}"
EndProject
Project("{8BC9CEB8-8B4A-11D0-8D11-00A0C91BC942}") = "Chap09App", "Chap09App\Chap09App.vcxproj", "{5772DDD5-39AA-4CA2-A9AC-E5ECAF0EC01C}"
EndProject
Project("{8BC9CEB8-8B4A-11D0-8D11-00A0C91BC942}") = "Chap10App", "Chap10App\Chap10App.vcxproj", "{FF6C5E2E-86F3-4B47-BCEA-7511C2E7DFE9}"
EndProject
Global
	GlobalSection(SolutionConfigurationPlatforms) = preSolution
		Debug|x64 = Debug|x64
		Debug|x86 = Debug|x86
		Release|x64 = Release|x64
		Release|x86 = Release|x86
	EndGlobalSection
	GlobalSection(ProjectConfigurationPlatforms) = postSolution
		{175CF71B-501A-4C62-B0C5-C5481DAD6784}.Debug|x64.ActiveCfg = Debug|x64
		{175CF71B-501A-4C62-B0C5-C5481DAD6784}.Debug|x64.Build.0 = Debug|x64
		{175CF71B-501A-4C62-B0C5-C5481DAD6784}.Debug|x86.ActiveCfg = Debug|Win32
		{175CF71B-501A-4C62-B0C5-C5481DAD6784}.Debug|x86.Build.0 = Debug|Win32
		{175CF71B-501A-4C62-B0C5-C5481DAD6784}.Release|x64.ActiveCfg = Release|x64
		{175CF71B-501A-4C62-B0C5-C5481DAD6784}.Release|x64.Build.0 = Release|x64
		{175CF71B-501A-4C62-B0C5-C5481DAD6784}.Release|x86.ActiveCfg = Release|Win32
		{175CF71B-501A-4C62-B0C5-C5481DAD6784}.Release|x86.Build.0 = Release|Win32
		{3778A2AF-70A4-4468-8BED-15A59A5C46A7}.Debug|x64.ActiveCfg = Debug|x64
		{3778A2AF-70A4-4468-8BED-15A59A5C46A7}.Debug|x64.Build.0 = Debug|x64
		{3778A2AF-70A4-4468-8BED-15A59A5C46A7}.Debug|x86.ActiveCfg = Debug|Win32
		{3778A2AF-70A4-4468-8BED-15A59A5C46A7}.Debug|x86.Build.0 = Debug|Win32
		{3778A2AF-70A4-4468-8BED-15A59A5C46A7}.Release|x64.ActiveCfg = Release|x64
		{3778A2AF-70A4-4468-8BED-15A59A5C46A7}.Release|x64.Build.0 = Release|x64
		{3778A2AF-70A4-4468-8BED-15A59A5C46A7}.Release|x86.ActiveCfg = Release|Win32
		{3778A2AF-70A4-4468-8BED-15A59A5C46A7}.Release|x86.Build.0 = Release|Win32
		{5B18225D-326C-4D67-BF09-9A586761E780}.Debug|x64.ActiveCfg = Debug|x64
		{5B18225D-326C-4D67-BF09-9A586761E780}.Debug|x64.Build.0 = Debug|x64
		{5B18225D-326C-4D67-BF09-9A586761E780}.Debug|x86.ActiveCfg = Debug|Win32
		{5B18225D-326C-4D67-BF09-9A586761E780}.Debug|x86.Build.0 = Debug|Win32
		{5B18225D-326C-4D67-BF09-9A586761E780}.Release|x64.ActiveCfg = Release|x64
		{5B18225D-326C-4D67-BF09-9A586761E780}.Release|x64.Build.0 = Release|x64
		{5B18225D-326C-4D67-BF09-9A586761E780}.Release|x86.ActiveCfg = Release|Win32
		{5B18225D-326C-4D67-BF09-9A586761E780}.Release|x86.Build.0 = Release|Win32
		{59F3792F-5C95-45E8-AFE4-7D88560A3F46}.Debug|x64.ActiveCfg = Debug|x64
		{59F3792F-5C95-45E8-AFE4-7D88560A3F46}.Debug|x64.Build.0 = Debug|x64
		{59F3792F-5C95-45E8-AFE4-7D88560A3F46}.Debug|x86.ActiveCfg = Debug|Win32
		{59F3792F-5C95-45E8-AFE4-7D88560A3F46}.Debug|x86.Build.0 = Debug|Win32
		{59F3792F-5C95-45E8-AFE4-7D88560A3F46}.Release|x64.ActiveCfg = Release|x64
		{59F3792F-5C95-45E8-AFE4-7D88560A3F46}.Release|x64.Build.0 = Release|x64
		{59F3792F-5C95-45E8-AFE4-7D88560A3F46}.Release|x86.ActiveCfg = Release|Win32
		{59F3792F-5C95-45E8-AFE4-7D88560A3F46}.Release|x86.Build.0 = Release|Win32
		{63F22B5F-A6FA-40E1-A5D6-72A178C7FAE9}.Debug|x64.ActiveCfg = Debug|x64
		{63F22B5F-A6FA-40E1-A5D6-72A178C7FAE9}.Debug|x64.Build.0 = Debug|x64
		{63F22B5F-A6FA-40E1-A5D6-72A178C7FAE9}.Debug|x86.ActiveCfg = Debug|Win32
		{63F22B5F-A6FA-40E1-A5D6-72A178C7FAE9}.Debug|x86.Build.0 = Debug|Win32
		{63F22B5F-A6FA-40E1-A5D6-72A178C7FAE9}.Release|x64.ActiveCfg = Release|x64
		{63F22B5F-A6FA-40E1-A5D6-72A178C7FAE9}.Release|x64.Build.0 = Release|x64
		{63F22B5F-A6FA-40E1-A5D6-72A178C7FAE9}.Release|x86.ActiveCfg = Release|Win32
		{63F22B5F-A6FA-40E1-A5D6-72A178C7FAE9}.Release|x86.Build.0 = Release|Win32
		{737FB90E-1565-4CF3-AC92-5B089841D460}.Debug|x64.ActiveCfg = Debug|x64
		{737FB90E-1565-4CF3-AC92-5B089841D460}.Debug|x64.Build.0 = Debug|x64
		{737FB90E-1565-4CF3-AC92-5B089841D460}.Debug|x86.ActiveCfg = Debug|Win32
		{737FB90E-1565-4CF3-AC92-5B089841D460}.Debug|x86.Build.0 = Debug|Win32
		{737FB90E-1565-4CF3-AC92-5B089841D460}.Release|x64.ActiveCfg = Release|x64
		{737FB90E-1565-4CF3-AC92-5B089841D460}.Release|x64.Build.0 = Release|x64
		{737FB90E-1565-4CF3-AC92-5B089841D460}.Release|x86.ActiveCfg = Release|Win32
		{737FB90E-1565-4CF3-AC92-5B089841D460}.Release|x86.Build.0 = Release|Win32
		{3AD14E5E-5AD0-4315-9EDF-57C4B9F80EF3}.Debug|x64.ActiveCfg = Debug|x64
		{3AD14E5E-5AD0-4315-9EDF-57C4B9F80EF3}.Debug|x64.Build.0 = Debug|x64
		{3AD14E5E-5AD0-4315-9EDF-57C4B9F80EF3}.Debug|x86.ActiveCfg = Debug|Win32
		{3AD14E5E-5AD0-4315-9EDF-57C4B9F80EF3}.Debug|x86.Build.0 = Debug|Win32
		{3AD14E5E-5AD0-4315-9EDF-57C4B9F80EF3}.Release|x64.ActiveCfg = Release|x64
		{3AD14E5E-5AD0-4315-9EDF-57C4B9F80EF3}.Release|x64.Build.0 = Release|x64
		{3AD14E5E-5AD0-4315-9EDF-57C4B9F80EF3}.Release|x86.ActiveCfg = Release|Win32
		{3AD14E5E-5AD0-4315-9EDF-57C4B9F80EF3}.Release|x86.Build.0 = Release|Win32
		{7DE3945A-6B82-4243-AAF7-4F1AB614BAD0}.Debug|x64.ActiveCfg = Debug|x64
		{7DE3945A-6B82-4243-AAF7-4F1AB614BAD0}.Debug|x64.Build.0 = Debug|x64
		{7DE3945A-6B82-4243-AAF7-4F1AB614BAD0}.Debug|x86.ActiveCfg = Debug|Win32
		{7DE3945A-6B82-4243-AAF7-4F1AB614BAD0}.Debug|x86.Build.0 = Debug|Win32
		{7DE3945A-6B82-4243-AAF7-4F1AB614BAD0}.Release|x64.ActiveCfg = Release|x64
		{7DE3945A-6B82-4243-AAF7-4F1AB614BAD0}.Release|x64.Build.0 = Release|x64
		{7DE3945A-6B82-4243-AAF7-4F1AB614BAD0}.Release|x86.ActiveCfg = Release|Win32
		{7DE3945A-6B82-4243-AAF7-4F1AB614BAD0}.Release|x86.Build.0 = Release|Win32
		{5772DDD5-39AA-4CA2-A9AC-E5ECAF0EC01C}.Debug|x64.ActiveCfg = Debug|x64
		{5772DDD5-39AA-4CA2-A9AC-E5ECAF0EC01C}.Debug|x64.Build.0 = Debug|x64
		{5772DDD5-39AA-4CA2-A9AC-E5ECAF0EC01C}.Debug|x86.ActiveCfg = Debug|Win32
		{5772DDD5-39AA-4CA2-A9AC-E5ECAF0EC01C}.Debug|x86.Build.0 = Debug|Win32
		{5772DDD5-39AA-4CA2-A9AC-E5ECAF0EC01C}.Release|x64.ActiveCfg = Release|x64
		{5772DDD5-39AA-4CA2-A9AC-E5ECAF0EC01C}.Release|x64.Build.0 = Release|x64
		{5772DDD5-39AA-4CA2-A9AC-E5ECAF0EC01C}.Release|x86.ActiveCfg = Release|Win32
		{5772DDD5-39AA-4CA2-A9AC-E5ECAF0EC01C}.Release|x86.Build.0 = Release|Win32
		{FF6C5E2E-86F3-4B47-BCEA-7511C2E7DFE9}.Debug|x64.ActiveCfg = Debug|x64
		{FF6C5E2E-86F3-4B47-BCEA-7511C2E7DFE9}.Debug|x64.Build.0 = Debug|x64
		{FF6C5E2E-86F3-4B47-BCEA-7511C2E7DFE9}.Debug|x86.ActiveCfg = Debug|Win32
		{FF6C5E2E-86F3-4B47-BCEA-7511C2E7DFE9}.Debug|x86.Build.0 = Debug|Win32
		{FF6C5E2E-86F3-4B47-BCEA-7511C2E7DFE9}.Release|x64.ActiveCfg = Release|x64
		{FF6C5E2E-86F3-4B47-BCEA-7511C2E7DFE9}.Release|x64.Build.0 = Release|x64
		{FF6C5E2E-86F3-4B47-BCEA-7511C2E7DFE9}.Release|x86.ActiveCfg = Release|Win32
		{FF6C5E2E-86F3-4B47-BCEA-7511C2E7DFE9}.Release|x86.Build.0 = Release|Win32
	EndGlobalSection
	GlobalSection(SolutionProperties) = preSolution
		HideSolutionNode = FALSE
	EndGlobalSection
	GlobalSection(ExtensibilityGlobals) = postSolution
		SolutionGuid = {1AED7AC7-1472-4605-8379-5497725CF1C6}
	EndGlobalSection
EndGlobal
